// !$*UTF8*$!
{
	archiveVersion = 1;
	classes = {
	};
	objectVersion = 51;
	objects = {

/* Begin PBXBuildFile section */
		3CA977BACE2641EFCD1391E7 /* Pods_ribeat_mcTests.framework in Frameworks */ = {isa = PBXBuildFile; fileRef = 006A9F398946846CE6860C14 /* Pods_ribeat_mcTests.framework */; };
		8A78575822594DC80014B7D3 /* CollectionViewCell.swift in Sources */ = {isa = PBXBuildFile; fileRef = 8A78575722594DC80014B7D3 /* CollectionViewCell.swift */; };
		8A7FF4792258AB3100899B51 /* Label.swift in Sources */ = {isa = PBXBuildFile; fileRef = 8A7FF4782258AB3100899B51 /* Label.swift */; };
		8AC453A82258939D00CF2676 /* AppDelegate.swift in Sources */ = {isa = PBXBuildFile; fileRef = 8AC453A72258939D00CF2676 /* AppDelegate.swift */; };
		8AC453AD2258939D00CF2676 /* Main.storyboard in Resources */ = {isa = PBXBuildFile; fileRef = 8AC453AB2258939D00CF2676 /* Main.storyboard */; };
		8AC453AF2258939E00CF2676 /* Assets.xcassets in Resources */ = {isa = PBXBuildFile; fileRef = 8AC453AE2258939E00CF2676 /* Assets.xcassets */; };
		8AC453B22258939E00CF2676 /* LaunchScreen.storyboard in Resources */ = {isa = PBXBuildFile; fileRef = 8AC453B02258939E00CF2676 /* LaunchScreen.storyboard */; };
		8AC453BD2258939E00CF2676 /* ribeat_mcTests.swift in Sources */ = {isa = PBXBuildFile; fileRef = 8AC453BC2258939E00CF2676 /* ribeat_mcTests.swift */; };
		8ADA8ACB22591FED006E6517 /* TableViewCell.swift in Sources */ = {isa = PBXBuildFile; fileRef = 8ADA8ACA22591FED006E6517 /* TableViewCell.swift */; };
		8ADA8ACD22593B2B006E6517 /* CollectionViewController.swift in Sources */ = {isa = PBXBuildFile; fileRef = 8ADA8ACC22593B2B006E6517 /* CollectionViewController.swift */; };
		BDBD9D448A7E48F84B3C5E68 /* Pods_ribeat_mc.framework in Frameworks */ = {isa = PBXBuildFile; fileRef = FD1BF5A9CB36D1B1BC65A01D /* Pods_ribeat_mc.framework */; };
/* End PBXBuildFile section */

/* Begin PBXContainerItemProxy section */
		8AC453B92258939E00CF2676 /* PBXContainerItemProxy */ = {
			isa = PBXContainerItemProxy;
			containerPortal = 8AC4539C2258939C00CF2676 /* Project object */;
			proxyType = 1;
			remoteGlobalIDString = 8AC453A32258939D00CF2676;
			remoteInfo = "ribeat-mc";
		};
/* End PBXContainerItemProxy section */

/* Begin PBXFileReference section */
		006A9F398946846CE6860C14 /* Pods_ribeat_mcTests.framework */ = {isa = PBXFileReference; explicitFileType = wrapper.framework; includeInIndex = 0; path = Pods_ribeat_mcTests.framework; sourceTree = BUILT_PRODUCTS_DIR; };
		2BD3C677633070DABF313181 /* Pods-ribeat-mc.release.xcconfig */ = {isa = PBXFileReference; includeInIndex = 1; lastKnownFileType = text.xcconfig; name = "Pods-ribeat-mc.release.xcconfig"; path = "Pods/Target Support Files/Pods-ribeat-mc/Pods-ribeat-mc.release.xcconfig"; sourceTree = "<group>"; };
		84D515EA7EC4B928F09F1CD4 /* Pods-ribeat-mcTests.debug.xcconfig */ = {isa = PBXFileReference; includeInIndex = 1; lastKnownFileType = text.xcconfig; name = "Pods-ribeat-mcTests.debug.xcconfig"; path = "Pods/Target Support Files/Pods-ribeat-mcTests/Pods-ribeat-mcTests.debug.xcconfig"; sourceTree = "<group>"; };
		872FFA9C47767845B7577B37 /* Pods-ribeat-mc.debug.xcconfig */ = {isa = PBXFileReference; includeInIndex = 1; lastKnownFileType = text.xcconfig; name = "Pods-ribeat-mc.debug.xcconfig"; path = "Pods/Target Support Files/Pods-ribeat-mc/Pods-ribeat-mc.debug.xcconfig"; sourceTree = "<group>"; };
		8A78575722594DC80014B7D3 /* CollectionViewCell.swift */ = {isa = PBXFileReference; lastKnownFileType = sourcecode.swift; path = CollectionViewCell.swift; sourceTree = "<group>"; };
		8A7FF4782258AB3100899B51 /* Label.swift */ = {isa = PBXFileReference; lastKnownFileType = sourcecode.swift; path = Label.swift; sourceTree = "<group>"; };
		8AC453A42258939D00CF2676 /* ribeat-mc.app */ = {isa = PBXFileReference; explicitFileType = wrapper.application; includeInIndex = 0; path = "ribeat-mc.app"; sourceTree = BUILT_PRODUCTS_DIR; };
		8AC453A72258939D00CF2676 /* AppDelegate.swift */ = {isa = PBXFileReference; lastKnownFileType = sourcecode.swift; path = AppDelegate.swift; sourceTree = "<group>"; };
		8AC453AC2258939D00CF2676 /* Base */ = {isa = PBXFileReference; lastKnownFileType = file.storyboard; name = Base; path = Base.lproj/Main.storyboard; sourceTree = "<group>"; };
		8AC453AE2258939E00CF2676 /* Assets.xcassets */ = {isa = PBXFileReference; lastKnownFileType = folder.assetcatalog; path = Assets.xcassets; sourceTree = "<group>"; };
		8AC453B12258939E00CF2676 /* Base */ = {isa = PBXFileReference; lastKnownFileType = file.storyboard; name = Base; path = Base.lproj/LaunchScreen.storyboard; sourceTree = "<group>"; };
		8AC453B32258939E00CF2676 /* Info.plist */ = {isa = PBXFileReference; lastKnownFileType = text.plist.xml; path = Info.plist; sourceTree = "<group>"; };
		8AC453B82258939E00CF2676 /* ribeat-mcTests.xctest */ = {isa = PBXFileReference; explicitFileType = wrapper.cfbundle; includeInIndex = 0; path = "ribeat-mcTests.xctest"; sourceTree = BUILT_PRODUCTS_DIR; };
		8AC453BC2258939E00CF2676 /* ribeat_mcTests.swift */ = {isa = PBXFileReference; lastKnownFileType = sourcecode.swift; path = ribeat_mcTests.swift; sourceTree = "<group>"; };
		8AC453BE2258939E00CF2676 /* Info.plist */ = {isa = PBXFileReference; lastKnownFileType = text.plist.xml; path = Info.plist; sourceTree = "<group>"; };
		8ADA8ACA22591FED006E6517 /* TableViewCell.swift */ = {isa = PBXFileReference; lastKnownFileType = sourcecode.swift; path = TableViewCell.swift; sourceTree = "<group>"; };
		8ADA8ACC22593B2B006E6517 /* CollectionViewController.swift */ = {isa = PBXFileReference; lastKnownFileType = sourcecode.swift; path = CollectionViewController.swift; sourceTree = "<group>"; };
		9133602D8C223778BA7D7944 /* Pods-ribeat-mcTests.release.xcconfig */ = {isa = PBXFileReference; includeInIndex = 1; lastKnownFileType = text.xcconfig; name = "Pods-ribeat-mcTests.release.xcconfig"; path = "Pods/Target Support Files/Pods-ribeat-mcTests/Pods-ribeat-mcTests.release.xcconfig"; sourceTree = "<group>"; };
		FD1BF5A9CB36D1B1BC65A01D /* Pods_ribeat_mc.framework */ = {isa = PBXFileReference; explicitFileType = wrapper.framework; includeInIndex = 0; path = Pods_ribeat_mc.framework; sourceTree = BUILT_PRODUCTS_DIR; };
/* End PBXFileReference section */

/* Begin PBXFrameworksBuildPhase section */
		8AC453A12258939D00CF2676 /* Frameworks */ = {
			isa = PBXFrameworksBuildPhase;
			buildActionMask = 2147483647;
			files = (
				BDBD9D448A7E48F84B3C5E68 /* Pods_ribeat_mc.framework in Frameworks */,
			);
			runOnlyForDeploymentPostprocessing = 0;
		};
		8AC453B52258939E00CF2676 /* Frameworks */ = {
			isa = PBXFrameworksBuildPhase;
			buildActionMask = 2147483647;
			files = (
				3CA977BACE2641EFCD1391E7 /* Pods_ribeat_mcTests.framework in Frameworks */,
			);
			runOnlyForDeploymentPostprocessing = 0;
		};
/* End PBXFrameworksBuildPhase section */

/* Begin PBXGroup section */
		8AC4539B2258939C00CF2676 = {
			isa = PBXGroup;
			children = (
				8AC453A62258939D00CF2676 /* ribeat-mc */,
				8AC453BB2258939E00CF2676 /* ribeat-mcTests */,
				8AC453A52258939D00CF2676 /* Products */,
				ED836E3D88F08D03CABF5C52 /* Pods */,
				D65B09AE04765FFB45D36114 /* Frameworks */,
			);
			sourceTree = "<group>";
		};
		8AC453A52258939D00CF2676 /* Products */ = {
			isa = PBXGroup;
			children = (
				8AC453A42258939D00CF2676 /* ribeat-mc.app */,
				8AC453B82258939E00CF2676 /* ribeat-mcTests.xctest */,
			);
			name = Products;
			sourceTree = "<group>";
		};
		8AC453A62258939D00CF2676 /* ribeat-mc */ = {
			isa = PBXGroup;
			children = (
				8AC453A72258939D00CF2676 /* AppDelegate.swift */,
				8ADA8ACC22593B2B006E6517 /* CollectionViewController.swift */,
				8A78575722594DC80014B7D3 /* CollectionViewCell.swift */,
				8ADA8ACA22591FED006E6517 /* TableViewCell.swift */,
				8AC453AB2258939D00CF2676 /* Main.storyboard */,
				8AC453AE2258939E00CF2676 /* Assets.xcassets */,
				8AC453B02258939E00CF2676 /* LaunchScreen.storyboard */,
				8AC453B32258939E00CF2676 /* Info.plist */,
				8A7FF4782258AB3100899B51 /* Label.swift */,
			);
			path = "ribeat-mc";
			sourceTree = "<group>";
		};
		8AC453BB2258939E00CF2676 /* ribeat-mcTests */ = {
			isa = PBXGroup;
			children = (
				8AC453BC2258939E00CF2676 /* ribeat_mcTests.swift */,
				8AC453BE2258939E00CF2676 /* Info.plist */,
			);
			path = "ribeat-mcTests";
			sourceTree = "<group>";
		};
		D65B09AE04765FFB45D36114 /* Frameworks */ = {
			isa = PBXGroup;
			children = (
				FD1BF5A9CB36D1B1BC65A01D /* Pods_ribeat_mc.framework */,
				006A9F398946846CE6860C14 /* Pods_ribeat_mcTests.framework */,
			);
			name = Frameworks;
			sourceTree = "<group>";
		};
		ED836E3D88F08D03CABF5C52 /* Pods */ = {
			isa = PBXGroup;
			children = (
				872FFA9C47767845B7577B37 /* Pods-ribeat-mc.debug.xcconfig */,
				2BD3C677633070DABF313181 /* Pods-ribeat-mc.release.xcconfig */,
				84D515EA7EC4B928F09F1CD4 /* Pods-ribeat-mcTests.debug.xcconfig */,
				9133602D8C223778BA7D7944 /* Pods-ribeat-mcTests.release.xcconfig */,
			);
			name = Pods;
			sourceTree = "<group>";
		};
/* End PBXGroup section */

/* Begin PBXNativeTarget section */
		8AC453A32258939D00CF2676 /* ribeat-mc */ = {
			isa = PBXNativeTarget;
			buildConfigurationList = 8AC453C12258939E00CF2676 /* Build configuration list for PBXNativeTarget "ribeat-mc" */;
			buildPhases = (
				C319D7526ACC52B4ABFEAFC1 /* [CP] Check Pods Manifest.lock */,
				8AC453A02258939D00CF2676 /* Sources */,
				8AC453A12258939D00CF2676 /* Frameworks */,
				8AC453A22258939D00CF2676 /* Resources */,
				E6EB857D7736F86DD2CB82F7 /* [CP] Embed Pods Frameworks */,
			);
			buildRules = (
			);
			dependencies = (
			);
			name = "ribeat-mc";
			productName = "ribeat-mc";
			productReference = 8AC453A42258939D00CF2676 /* ribeat-mc.app */;
			productType = "com.apple.product-type.application";
		};
		8AC453B72258939E00CF2676 /* ribeat-mcTests */ = {
			isa = PBXNativeTarget;
			buildConfigurationList = 8AC453C42258939E00CF2676 /* Build configuration list for PBXNativeTarget "ribeat-mcTests" */;
			buildPhases = (
				2210749256F61E8FF702CBC9 /* [CP] Check Pods Manifest.lock */,
				8AC453B42258939E00CF2676 /* Sources */,
				8AC453B52258939E00CF2676 /* Frameworks */,
				8AC453B62258939E00CF2676 /* Resources */,
				D2A3D69FDA3C71C5C745C56E /* [CP] Embed Pods Frameworks */,
			);
			buildRules = (
			);
			dependencies = (
				8AC453BA2258939E00CF2676 /* PBXTargetDependency */,
			);
			name = "ribeat-mcTests";
			productName = "ribeat-mcTests";
			productReference = 8AC453B82258939E00CF2676 /* ribeat-mcTests.xctest */;
			productType = "com.apple.product-type.bundle.unit-test";
		};
/* End PBXNativeTarget section */

/* Begin PBXProject section */
		8AC4539C2258939C00CF2676 /* Project object */ = {
			isa = PBXProject;
			attributes = {
				LastSwiftUpdateCheck = 1020;
				LastUpgradeCheck = 1020;
				ORGANIZATIONNAME = "888 Funcional Monkeys";
				TargetAttributes = {
					8AC453A32258939D00CF2676 = {
						CreatedOnToolsVersion = 10.2;
					};
					8AC453B72258939E00CF2676 = {
						CreatedOnToolsVersion = 10.2;
						TestTargetID = 8AC453A32258939D00CF2676;
					};
				};
			};
			buildConfigurationList = 8AC4539F2258939C00CF2676 /* Build configuration list for PBXProject "ribeat-mc" */;
			compatibilityVersion = "Xcode 10.0";
			developmentRegion = en;
			hasScannedForEncodings = 0;
			knownRegions = (
				en,
				Base,
			);
			mainGroup = 8AC4539B2258939C00CF2676;
			productRefGroup = 8AC453A52258939D00CF2676 /* Products */;
			projectDirPath = "";
			projectRoot = "";
			targets = (
				8AC453A32258939D00CF2676 /* ribeat-mc */,
				8AC453B72258939E00CF2676 /* ribeat-mcTests */,
			);
		};
/* End PBXProject section */

/* Begin PBXResourcesBuildPhase section */
		8AC453A22258939D00CF2676 /* Resources */ = {
			isa = PBXResourcesBuildPhase;
			buildActionMask = 2147483647;
			files = (
				8AC453B22258939E00CF2676 /* LaunchScreen.storyboard in Resources */,
				8AC453AF2258939E00CF2676 /* Assets.xcassets in Resources */,
				8AC453AD2258939D00CF2676 /* Main.storyboard in Resources */,
			);
			runOnlyForDeploymentPostprocessing = 0;
		};
		8AC453B62258939E00CF2676 /* Resources */ = {
			isa = PBXResourcesBuildPhase;
			buildActionMask = 2147483647;
			files = (
			);
			runOnlyForDeploymentPostprocessing = 0;
		};
/* End PBXResourcesBuildPhase section */

/* Begin PBXShellScriptBuildPhase section */
		2210749256F61E8FF702CBC9 /* [CP] Check Pods Manifest.lock */ = {
			isa = PBXShellScriptBuildPhase;
			buildActionMask = 2147483647;
			files = (
			);
			inputFileListPaths = (
			);
			inputPaths = (
				"${PODS_PODFILE_DIR_PATH}/Podfile.lock",
				"${PODS_ROOT}/Manifest.lock",
			);
			name = "[CP] Check Pods Manifest.lock";
			outputFileListPaths = (
			);
			outputPaths = (
				"$(DERIVED_FILE_DIR)/Pods-ribeat-mcTests-checkManifestLockResult.txt",
			);
			runOnlyForDeploymentPostprocessing = 0;
			shellPath = /bin/sh;
			shellScript = "diff \"${PODS_PODFILE_DIR_PATH}/Podfile.lock\" \"${PODS_ROOT}/Manifest.lock\" > /dev/null\nif [ $? != 0 ] ; then\n    # print error to STDERR\n    echo \"error: The sandbox is not in sync with the Podfile.lock. Run 'pod install' or update your CocoaPods installation.\" >&2\n    exit 1\nfi\n# This output is used by Xcode 'outputs' to avoid re-running this script phase.\necho \"SUCCESS\" > \"${SCRIPT_OUTPUT_FILE_0}\"\n";
			showEnvVarsInLog = 0;
		};
		C319D7526ACC52B4ABFEAFC1 /* [CP] Check Pods Manifest.lock */ = {
			isa = PBXShellScriptBuildPhase;
			buildActionMask = 2147483647;
			files = (
			);
			inputFileListPaths = (
			);
			inputPaths = (
				"${PODS_PODFILE_DIR_PATH}/Podfile.lock",
				"${PODS_ROOT}/Manifest.lock",
			);
			name = "[CP] Check Pods Manifest.lock";
			outputFileListPaths = (
			);
			outputPaths = (
				"$(DERIVED_FILE_DIR)/Pods-ribeat-mc-checkManifestLockResult.txt",
			);
			runOnlyForDeploymentPostprocessing = 0;
			shellPath = /bin/sh;
			shellScript = "diff \"${PODS_PODFILE_DIR_PATH}/Podfile.lock\" \"${PODS_ROOT}/Manifest.lock\" > /dev/null\nif [ $? != 0 ] ; then\n    # print error to STDERR\n    echo \"error: The sandbox is not in sync with the Podfile.lock. Run 'pod install' or update your CocoaPods installation.\" >&2\n    exit 1\nfi\n# This output is used by Xcode 'outputs' to avoid re-running this script phase.\necho \"SUCCESS\" > \"${SCRIPT_OUTPUT_FILE_0}\"\n";
			showEnvVarsInLog = 0;
		};
		D2A3D69FDA3C71C5C745C56E /* [CP] Embed Pods Frameworks */ = {
			isa = PBXShellScriptBuildPhase;
			buildActionMask = 2147483647;
			files = (
			);
			inputFileListPaths = (
			);
			inputPaths = (
				"${SRCROOT}/Pods/Target Support Files/Pods-ribeat-mcTests/Pods-ribeat-mcTests-frameworks.sh",
				"${BUILT_PRODUCTS_DIR}/RxSwift/RxSwift.framework",
				"${BUILT_PRODUCTS_DIR}/RxBlocking/RxBlocking.framework",
				"${BUILT_PRODUCTS_DIR}/RxTest/RxTest.framework",
			);
			name = "[CP] Embed Pods Frameworks";
			outputFileListPaths = (
			);
			outputPaths = (
				"${TARGET_BUILD_DIR}/${FRAMEWORKS_FOLDER_PATH}/RxSwift.framework",
				"${TARGET_BUILD_DIR}/${FRAMEWORKS_FOLDER_PATH}/RxBlocking.framework",
				"${TARGET_BUILD_DIR}/${FRAMEWORKS_FOLDER_PATH}/RxTest.framework",
			);
			runOnlyForDeploymentPostprocessing = 0;
			shellPath = /bin/sh;
			shellScript = "\"${SRCROOT}/Pods/Target Support Files/Pods-ribeat-mcTests/Pods-ribeat-mcTests-frameworks.sh\"\n";
			showEnvVarsInLog = 0;
		};
		E6EB857D7736F86DD2CB82F7 /* [CP] Embed Pods Frameworks */ = {
			isa = PBXShellScriptBuildPhase;
			buildActionMask = 2147483647;
			files = (
			);
			inputFileListPaths = (
			);
			inputPaths = (
				"${SRCROOT}/Pods/Target Support Files/Pods-ribeat-mc/Pods-ribeat-mc-frameworks.sh",
				"${BUILT_PRODUCTS_DIR}/Alamofire/Alamofire.framework",
				"${BUILT_PRODUCTS_DIR}/RxCocoa/RxCocoa.framework",
				"${BUILT_PRODUCTS_DIR}/RxSwift/RxSwift.framework",
				"${BUILT_PRODUCTS_DIR}/SwiftSocket/SwiftSocket.framework",
			);
			name = "[CP] Embed Pods Frameworks";
			outputFileListPaths = (
			);
			outputPaths = (
				"${TARGET_BUILD_DIR}/${FRAMEWORKS_FOLDER_PATH}/Alamofire.framework",
				"${TARGET_BUILD_DIR}/${FRAMEWORKS_FOLDER_PATH}/RxCocoa.framework",
				"${TARGET_BUILD_DIR}/${FRAMEWORKS_FOLDER_PATH}/RxSwift.framework",
				"${TARGET_BUILD_DIR}/${FRAMEWORKS_FOLDER_PATH}/SwiftSocket.framework",
			);
			runOnlyForDeploymentPostprocessing = 0;
			shellPath = /bin/sh;
			shellScript = "\"${SRCROOT}/Pods/Target Support Files/Pods-ribeat-mc/Pods-ribeat-mc-frameworks.sh\"\n";
			showEnvVarsInLog = 0;
		};
/* End PBXShellScriptBuildPhase section */

/* Begin PBXSourcesBuildPhase section */
		8AC453A02258939D00CF2676 /* Sources */ = {
			isa = PBXSourcesBuildPhase;
			buildActionMask = 2147483647;
			files = (
				8ADA8ACD22593B2B006E6517 /* CollectionViewController.swift in Sources */,
				8ADA8ACB22591FED006E6517 /* TableViewCell.swift in Sources */,
				8A78575822594DC80014B7D3 /* CollectionViewCell.swift in Sources */,
				8AC453A82258939D00CF2676 /* AppDelegate.swift in Sources */,
				8A7FF4792258AB3100899B51 /* Label.swift in Sources */,
			);
			runOnlyForDeploymentPostprocessing = 0;
		};
		8AC453B42258939E00CF2676 /* Sources */ = {
			isa = PBXSourcesBuildPhase;
			buildActionMask = 2147483647;
			files = (
				8AC453BD2258939E00CF2676 /* ribeat_mcTests.swift in Sources */,
			);
			runOnlyForDeploymentPostprocessing = 0;
		};
/* End PBXSourcesBuildPhase section */

/* Begin PBXTargetDependency section */
		8AC453BA2258939E00CF2676 /* PBXTargetDependency */ = {
			isa = PBXTargetDependency;
			target = 8AC453A32258939D00CF2676 /* ribeat-mc */;
			targetProxy = 8AC453B92258939E00CF2676 /* PBXContainerItemProxy */;
		};
/* End PBXTargetDependency section */

/* Begin PBXVariantGroup section */
		8AC453AB2258939D00CF2676 /* Main.storyboard */ = {
			isa = PBXVariantGroup;
			children = (
				8AC453AC2258939D00CF2676 /* Base */,
			);
			name = Main.storyboard;
			sourceTree = "<group>";
		};
		8AC453B02258939E00CF2676 /* LaunchScreen.storyboard */ = {
			isa = PBXVariantGroup;
			children = (
				8AC453B12258939E00CF2676 /* Base */,
			);
			name = LaunchScreen.storyboard;
			sourceTree = "<group>";
		};
/* End PBXVariantGroup section */

/* Begin XCBuildConfiguration section */
		8AC453BF2258939E00CF2676 /* Debug */ = {
			isa = XCBuildConfiguration;
			buildSettings = {
				ALWAYS_SEARCH_USER_PATHS = NO;
				CLANG_ANALYZER_NONNULL = YES;
				CLANG_ANALYZER_NUMBER_OBJECT_CONVERSION = YES_AGGRESSIVE;
				CLANG_CXX_LANGUAGE_STANDARD = "gnu++14";
				CLANG_CXX_LIBRARY = "libc++";
				CLANG_ENABLE_MODULES = YES;
				CLANG_ENABLE_OBJC_ARC = YES;
				CLANG_ENABLE_OBJC_WEAK = YES;
				CLANG_WARN_BLOCK_CAPTURE_AUTORELEASING = YES;
				CLANG_WARN_BOOL_CONVERSION = YES;
				CLANG_WARN_COMMA = YES;
				CLANG_WARN_CONSTANT_CONVERSION = YES;
				CLANG_WARN_DEPRECATED_OBJC_IMPLEMENTATIONS = YES;
				CLANG_WARN_DIRECT_OBJC_ISA_USAGE = YES_ERROR;
				CLANG_WARN_DOCUMENTATION_COMMENTS = YES;
				CLANG_WARN_EMPTY_BODY = YES;
				CLANG_WARN_ENUM_CONVERSION = YES;
				CLANG_WARN_INFINITE_RECURSION = YES;
				CLANG_WARN_INT_CONVERSION = YES;
				CLANG_WARN_NON_LITERAL_NULL_CONVERSION = YES;
				CLANG_WARN_OBJC_IMPLICIT_RETAIN_SELF = YES;
				CLANG_WARN_OBJC_LITERAL_CONVERSION = YES;
				CLANG_WARN_OBJC_ROOT_CLASS = YES_ERROR;
				CLANG_WARN_RANGE_LOOP_ANALYSIS = YES;
				CLANG_WARN_STRICT_PROTOTYPES = YES;
				CLANG_WARN_SUSPICIOUS_MOVE = YES;
				CLANG_WARN_UNGUARDED_AVAILABILITY = YES_AGGRESSIVE;
				CLANG_WARN_UNREACHABLE_CODE = YES;
				CLANG_WARN__DUPLICATE_METHOD_MATCH = YES;
				CODE_SIGN_IDENTITY = "iPhone Developer";
				COPY_PHASE_STRIP = NO;
				DEBUG_INFORMATION_FORMAT = dwarf;
				ENABLE_STRICT_OBJC_MSGSEND = YES;
				ENABLE_TESTABILITY = YES;
				GCC_C_LANGUAGE_STANDARD = gnu11;
				GCC_DYNAMIC_NO_PIC = NO;
				GCC_NO_COMMON_BLOCKS = YES;
				GCC_OPTIMIZATION_LEVEL = 0;
				GCC_PREPROCESSOR_DEFINITIONS = (
					"DEBUG=1",
					"$(inherited)",
				);
				GCC_WARN_64_TO_32_BIT_CONVERSION = YES;
				GCC_WARN_ABOUT_RETURN_TYPE = YES_ERROR;
				GCC_WARN_UNDECLARED_SELECTOR = YES;
				GCC_WARN_UNINITIALIZED_AUTOS = YES_AGGRESSIVE;
				GCC_WARN_UNUSED_FUNCTION = YES;
				GCC_WARN_UNUSED_VARIABLE = YES;
				IPHONEOS_DEPLOYMENT_TARGET = 12.2;
				MTL_ENABLE_DEBUG_INFO = INCLUDE_SOURCE;
				MTL_FAST_MATH = YES;
				ONLY_ACTIVE_ARCH = YES;
				SDKROOT = iphoneos;
				SWIFT_ACTIVE_COMPILATION_CONDITIONS = DEBUG;
				SWIFT_OPTIMIZATION_LEVEL = "-Onone";
			};
			name = Debug;
		};
		8AC453C02258939E00CF2676 /* Release */ = {
			isa = XCBuildConfiguration;
			buildSettings = {
				ALWAYS_SEARCH_USER_PATHS = NO;
				CLANG_ANALYZER_NONNULL = YES;
				CLANG_ANALYZER_NUMBER_OBJECT_CONVERSION = YES_AGGRESSIVE;
				CLANG_CXX_LANGUAGE_STANDARD = "gnu++14";
				CLANG_CXX_LIBRARY = "libc++";
				CLANG_ENABLE_MODULES = YES;
				CLANG_ENABLE_OBJC_ARC = YES;
				CLANG_ENABLE_OBJC_WEAK = YES;
				CLANG_WARN_BLOCK_CAPTURE_AUTORELEASING = YES;
				CLANG_WARN_BOOL_CONVERSION = YES;
				CLANG_WARN_COMMA = YES;
				CLANG_WARN_CONSTANT_CONVERSION = YES;
				CLANG_WARN_DEPRECATED_OBJC_IMPLEMENTATIONS = YES;
				CLANG_WARN_DIRECT_OBJC_ISA_USAGE = YES_ERROR;
				CLANG_WARN_DOCUMENTATION_COMMENTS = YES;
				CLANG_WARN_EMPTY_BODY = YES;
				CLANG_WARN_ENUM_CONVERSION = YES;
				CLANG_WARN_INFINITE_RECURSION = YES;
				CLANG_WARN_INT_CONVERSION = YES;
				CLANG_WARN_NON_LITERAL_NULL_CONVERSION = YES;
				CLANG_WARN_OBJC_IMPLICIT_RETAIN_SELF = YES;
				CLANG_WARN_OBJC_LITERAL_CONVERSION = YES;
				CLANG_WARN_OBJC_ROOT_CLASS = YES_ERROR;
				CLANG_WARN_RANGE_LOOP_ANALYSIS = YES;
				CLANG_WARN_STRICT_PROTOTYPES = YES;
				CLANG_WARN_SUSPICIOUS_MOVE = YES;
				CLANG_WARN_UNGUARDED_AVAILABILITY = YES_AGGRESSIVE;
				CLANG_WARN_UNREACHABLE_CODE = YES;
				CLANG_WARN__DUPLICATE_METHOD_MATCH = YES;
				CODE_SIGN_IDENTITY = "iPhone Developer";
				COPY_PHASE_STRIP = NO;
				DEBUG_INFORMATION_FORMAT = "dwarf-with-dsym";
				ENABLE_NS_ASSERTIONS = NO;
				ENABLE_STRICT_OBJC_MSGSEND = YES;
				GCC_C_LANGUAGE_STANDARD = gnu11;
				GCC_NO_COMMON_BLOCKS = YES;
				GCC_WARN_64_TO_32_BIT_CONVERSION = YES;
				GCC_WARN_ABOUT_RETURN_TYPE = YES_ERROR;
				GCC_WARN_UNDECLARED_SELECTOR = YES;
				GCC_WARN_UNINITIALIZED_AUTOS = YES_AGGRESSIVE;
				GCC_WARN_UNUSED_FUNCTION = YES;
				GCC_WARN_UNUSED_VARIABLE = YES;
				IPHONEOS_DEPLOYMENT_TARGET = 12.2;
				MTL_ENABLE_DEBUG_INFO = NO;
				MTL_FAST_MATH = YES;
				SDKROOT = iphoneos;
				SWIFT_COMPILATION_MODE = wholemodule;
				SWIFT_OPTIMIZATION_LEVEL = "-O";
				VALIDATE_PRODUCT = YES;
			};
			name = Release;
		};
		8AC453C22258939E00CF2676 /* Debug */ = {
			isa = XCBuildConfiguration;
			baseConfigurationReference = 872FFA9C47767845B7577B37 /* Pods-ribeat-mc.debug.xcconfig */;
			buildSettings = {
				ASSETCATALOG_COMPILER_APPICON_NAME = AppIcon;
				CODE_SIGN_STYLE = Automatic;
				DEVELOPMENT_TEAM = YZS2T2FJ58;
				INFOPLIST_FILE = "ribeat-mc/Info.plist";
				IPHONEOS_DEPLOYMENT_TARGET = 10.0;
				LD_RUNPATH_SEARCH_PATHS = (
					"$(inherited)",
					"@executable_path/Frameworks",
				);
				PRODUCT_BUNDLE_IDENTIFIER = "com.fun-monkeys.ribeat-mc";
				PRODUCT_NAME = "$(TARGET_NAME)";
				SWIFT_VERSION = 5.0;
				TARGETED_DEVICE_FAMILY = "1,2";
			};
			name = Debug;
		};
		8AC453C32258939E00CF2676 /* Release */ = {
			isa = XCBuildConfiguration;
			baseConfigurationReference = 2BD3C677633070DABF313181 /* Pods-ribeat-mc.release.xcconfig */;
			buildSettings = {
				ASSETCATALOG_COMPILER_APPICON_NAME = AppIcon;
				CODE_SIGN_STYLE = Automatic;
				DEVELOPMENT_TEAM = YZS2T2FJ58;
				INFOPLIST_FILE = "ribeat-mc/Info.plist";
				IPHONEOS_DEPLOYMENT_TARGET = 10.0;
				LD_RUNPATH_SEARCH_PATHS = (
					"$(inherited)",
					"@executable_path/Frameworks",
				);
				PRODUCT_BUNDLE_IDENTIFIER = "com.fun-monkeys.ribeat-mc";
				PRODUCT_NAME = "$(TARGET_NAME)";
				SWIFT_VERSION = 5.0;
				TARGETED_DEVICE_FAMILY = "1,2";
			};
			name = Release;
		};
		8AC453C52258939E00CF2676 /* Debug */ = {
			isa = XCBuildConfiguration;
			baseConfigurationReference = 84D515EA7EC4B928F09F1CD4 /* Pods-ribeat-mcTests.debug.xcconfig */;
			buildSettings = {
				ALWAYS_EMBED_SWIFT_STANDARD_LIBRARIES = YES;
				BUNDLE_LOADER = "$(TEST_HOST)";
				CODE_SIGN_STYLE = Automatic;
				DEVELOPMENT_TEAM = YZS2T2FJ58;
				INFOPLIST_FILE = "ribeat-mcTests/Info.plist";
				LD_RUNPATH_SEARCH_PATHS = (
					"$(inherited)",
					"@executable_path/Frameworks",
					"@loader_path/Frameworks",
				);
				PRODUCT_BUNDLE_IDENTIFIER = "com.fun-monkeys.ribeat-mcTests";
				PRODUCT_NAME = "$(TARGET_NAME)";
				SWIFT_VERSION = 5.0;
				TARGETED_DEVICE_FAMILY = "1,2";
				TEST_HOST = "$(BUILT_PRODUCTS_DIR)/ribeat-mc.app/ribeat-mc";
			};
			name = Debug;
		};
		8AC453C62258939E00CF2676 /* Release */ = {
			isa = XCBuildConfiguration;
			baseConfigurationReference = 9133602D8C223778BA7D7944 /* Pods-ribeat-mcTests.release.xcconfig */;
			buildSettings = {
				ALWAYS_EMBED_SWIFT_STANDARD_LIBRARIES = YES;
				BUNDLE_LOADER = "$(TEST_HOST)";
				CODE_SIGN_STYLE = Automatic;
				DEVELOPMENT_TEAM = YZS2T2FJ58;
				INFOPLIST_FILE = "ribeat-mcTests/Info.plist";
				LD_RUNPATH_SEARCH_PATHS = (
					"$(inherited)",
					"@executable_path/Frameworks",
					"@loader_path/Frameworks",
				);
				PRODUCT_BUNDLE_IDENTIFIER = "com.fun-monkeys.ribeat-mcTests";
				PRODUCT_NAME = "$(TARGET_NAME)";
				SWIFT_VERSION = 5.0;
				TARGETED_DEVICE_FAMILY = "1,2";
				TEST_HOST = "$(BUILT_PRODUCTS_DIR)/ribeat-mc.app/ribeat-mc";
			};
			name = Release;
		};
/* End XCBuildConfiguration section */

/* Begin XCConfigurationList section */
		8AC4539F2258939C00CF2676 /* Build configuration list for PBXProject "ribeat-mc" */ = {
			isa = XCConfigurationList;
			buildConfigurations = (
				8AC453BF2258939E00CF2676 /* Debug */,
				8AC453C02258939E00CF2676 /* Release */,
			);
			defaultConfigurationIsVisible = 0;
			defaultConfigurationName = Release;
		};
		8AC453C12258939E00CF2676 /* Build configuration list for PBXNativeTarget "ribeat-mc" */ = {
			isa = XCConfigurationList;
			buildConfigurations = (
				8AC453C22258939E00CF2676 /* Debug */,
				8AC453C32258939E00CF2676 /* Release */,
			);
			defaultConfigurationIsVisible = 0;
			defaultConfigurationName = Release;
		};
		8AC453C42258939E00CF2676 /* Build configuration list for PBXNativeTarget "ribeat-mcTests" */ = {
			isa = XCConfigurationList;
			buildConfigurations = (
				8AC453C52258939E00CF2676 /* Debug */,
				8AC453C62258939E00CF2676 /* Release */,
			);
			defaultConfigurationIsVisible = 0;
			defaultConfigurationName = Release;
		};
/* End XCConfigurationList section */
	};
	rootObject = 8AC4539C2258939C00CF2676 /* Project object */;
}
